
Microsoft Visual Studio Solution File, Format Version 12.00
# Visual Studio Version 17
VisualStudioVersion = 17.1.32113.165
MinimumVisualStudioVersion = 10.0.40219.1
Project("{9A19103F-16F7-4668-BE54-9A1E7A4F7556}") = "SEC.Test", "SEC.Test\SEC.Test.csproj", "{9CFE2BEF-97E6-44CF-8401-9D12B1DF6956}"
EndProject
Project("{2150E333-8FDC-42A3-9474-1A3956D46DE8}") = "DBHelpers", "DBHelpers", "{C956A208-EC17-4127-B4A8-DE65301B554F}"
EndProject
Project("{9A19103F-16F7-4668-BE54-9A1E7A4F7556}") = "SEC.SSDB", "SEC.DB\SEC.SSDB\SEC.SSDB.csproj", "{BA0D5392-0462-4111-8DF4-9A6F8798CE68}"
EndProject
Project("{9A19103F-16F7-4668-BE54-9A1E7A4F7556}") = "SEC.RunMain", "SEC.RunMain\SEC.RunMain.csproj", "{7A62D2C2-3F4F-48E6-8BB5-A091D315F680}"
EndProject
Project("{9A19103F-16F7-4668-BE54-9A1E7A4F7556}") = "SEC.Util", "SEC.Util\SEC.Util.csproj", "{8E2CB701-DA84-45A5-A853-4588C5A14E6C}"
EndProject
Project("{2150E333-8FDC-42A3-9474-1A3956D46DE8}") = "Drivers", "Drivers", "{BDEF29B3-D5C6-4889-8CEE-B1AB635E3A77}"
EndProject
Project("{9A19103F-16F7-4668-BE54-9A1E7A4F7556}") = "SEC.Driver", "SEC.Drivers\SEC.Driver\SEC.Driver.csproj", "{F64194E6-5CB9-4784-A586-EA75A4953D6A}"
EndProject
Project("{9A19103F-16F7-4668-BE54-9A1E7A4F7556}") = "SEC.Driver.Fins", "SEC.Drivers\SEC.FinsDriver\SEC.Driver.Fins.csproj", "{FADD4C62-D502-4866-B199-4D9548469302}"
EndProject
Project("{9A19103F-16F7-4668-BE54-9A1E7A4F7556}") = "SEC.Driver.MC3E", "SEC.Drivers\SEC.MC3EDriver\SEC.Driver.MC3E.csproj", "{1C46256B-8B52-4E2A-B3B0-B273E043F90F}"
EndProject
Project("{9A19103F-16F7-4668-BE54-9A1E7A4F7556}") = "SEC.Driver.ModbusRtu", "SEC.Drivers\SEC.ModbusRtuDriver\SEC.Driver.ModbusRtu.csproj", "{A35472F9-E2B0-406A-A372-20F1B554729C}"
EndProject
Project("{9A19103F-16F7-4668-BE54-9A1E7A4F7556}") = "SEC.Driver.ModebusTcp", "SEC.Drivers\SEC.ModebusTcpDriver\SEC.Driver.ModebusTcp.csproj", "{DBF38E98-D669-4962-85B4-8A327D588F22}"
EndProject
Project("{9A19103F-16F7-4668-BE54-9A1E7A4F7556}") = "SEC.Studio", "SEC.Studio\SEC.Studio.csproj", "{9964684A-CB9B-4B64-AF5F-744E97A87C6C}"
EndProject
Project("{9A19103F-16F7-4668-BE54-9A1E7A4F7556}") = "SEC.Style", "SEC.Style\SEC.Style.csproj", "{5ED0CBE6-B891-49BD-867E-1EE289165E98}"
EndProject
Project("{FAE04EC0-301F-11D3-BF4B-00C04F79EFBC}") = "SEC.DockerSupporter", "SEC.DockerSupporter\SEC.DockerSupporter.csproj", "{523B8BC3-0403-4B56-8056-7B9525E3A875}"
EndProject
Global
	GlobalSection(SolutionConfigurationPlatforms) = preSolution
		Debug|Any CPU = Debug|Any CPU
		Release|Any CPU = Release|Any CPU
	EndGlobalSection
	GlobalSection(ProjectConfigurationPlatforms) = postSolution
		{9CFE2BEF-97E6-44CF-8401-9D12B1DF6956}.Debug|Any CPU.ActiveCfg = Debug|Any CPU
		{9CFE2BEF-97E6-44CF-8401-9D12B1DF6956}.Debug|Any CPU.Build.0 = Debug|Any CPU
		{9CFE2BEF-97E6-44CF-8401-9D12B1DF6956}.Release|Any CPU.ActiveCfg = Release|Any CPU
		{9CFE2BEF-97E6-44CF-8401-9D12B1DF6956}.Release|Any CPU.Build.0 = Release|Any CPU
		{BA0D5392-0462-4111-8DF4-9A6F8798CE68}.Debug|Any CPU.ActiveCfg = Debug|Any CPU
		{BA0D5392-0462-4111-8DF4-9A6F8798CE68}.Debug|Any CPU.Build.0 = Debug|Any CPU
		{BA0D5392-0462-4111-8DF4-9A6F8798CE68}.Release|Any CPU.ActiveCfg = Release|Any CPU
		{BA0D5392-0462-4111-8DF4-9A6F8798CE68}.Release|Any CPU.Build.0 = Release|Any CPU
		{7A62D2C2-3F4F-48E6-8BB5-A091D315F680}.Debug|Any CPU.ActiveCfg = Debug|Any CPU
		{7A62D2C2-3F4F-48E6-8BB5-A091D315F680}.Debug|Any CPU.Build.0 = Debug|Any CPU
		{7A62D2C2-3F4F-48E6-8BB5-A091D315F680}.Release|Any CPU.ActiveCfg = Release|Any CPU
		{7A62D2C2-3F4F-48E6-8BB5-A091D315F680}.Release|Any CPU.Build.0 = Release|Any CPU
		{8E2CB701-DA84-45A5-A853-4588C5A14E6C}.Debug|Any CPU.ActiveCfg = Debug|Any CPU
		{8E2CB701-DA84-45A5-A853-4588C5A14E6C}.Debug|Any CPU.Build.0 = Debug|Any CPU
		{8E2CB701-DA84-45A5-A853-4588C5A14E6C}.Release|Any CPU.ActiveCfg = Release|Any CPU
		{8E2CB701-DA84-45A5-A853-4588C5A14E6C}.Release|Any CPU.Build.0 = Release|Any CPU
		{F64194E6-5CB9-4784-A586-EA75A4953D6A}.Debug|Any CPU.ActiveCfg = Debug|Any CPU
		{F64194E6-5CB9-4784-A586-EA75A4953D6A}.Debug|Any CPU.Build.0 = Debug|Any CPU
		{F64194E6-5CB9-4784-A586-EA75A4953D6A}.Release|Any CPU.ActiveCfg = Release|Any CPU
		{F64194E6-5CB9-4784-A586-EA75A4953D6A}.Release|Any CPU.Build.0 = Release|Any CPU
		{FADD4C62-D502-4866-B199-4D9548469302}.Debug|Any CPU.ActiveCfg = Debug|Any CPU
		{FADD4C62-D502-4866-B199-4D9548469302}.Debug|Any CPU.Build.0 = Debug|Any CPU
		{FADD4C62-D502-4866-B199-4D9548469302}.Release|Any CPU.ActiveCfg = Release|Any CPU
		{FADD4C62-D502-4866-B199-4D9548469302}.Release|Any CPU.Build.0 = Release|Any CPU
		{1C46256B-8B52-4E2A-B3B0-B273E043F90F}.Debug|Any CPU.ActiveCfg = Debug|Any CPU
		{1C46256B-8B52-4E2A-B3B0-B273E043F90F}.Debug|Any CPU.Build.0 = Debug|Any CPU
		{1C46256B-8B52-4E2A-B3B0-B273E043F90F}.Release|Any CPU.ActiveCfg = Release|Any CPU
		{1C46256B-8B52-4E2A-B3B0-B273E043F90F}.Release|Any CPU.Build.0 = Release|Any CPU
		{A35472F9-E2B0-406A-A372-20F1B554729C}.Debug|Any CPU.ActiveCfg = Debug|Any CPU
		{A35472F9-E2B0-406A-A372-20F1B554729C}.Debug|Any CPU.Build.0 = Debug|Any CPU
		{A35472F9-E2B0-406A-A372-20F1B554729C}.Release|Any CPU.ActiveCfg = Release|Any CPU
		{A35472F9-E2B0-406A-A372-20F1B554729C}.Release|Any CPU.Build.0 = Release|Any CPU
		{DBF38E98-D669-4962-85B4-8A327D588F22}.Debug|Any CPU.ActiveCfg = Debug|Any CPU
		{DBF38E98-D669-4962-85B4-8A327D588F22}.Debug|Any CPU.Build.0 = Debug|Any CPU
		{DBF38E98-D669-4962-85B4-8A327D588F22}.Release|Any CPU.ActiveCfg = Release|Any CPU
		{DBF38E98-D669-4962-85B4-8A327D588F22}.Release|Any CPU.Build.0 = Release|Any CPU
		{9964684A-CB9B-4B64-AF5F-744E97A87C6C}.Debug|Any CPU.ActiveCfg = Debug|Any CPU
		{9964684A-CB9B-4B64-AF5F-744E97A87C6C}.Debug|Any CPU.Build.0 = Debug|Any CPU
		{9964684A-CB9B-4B64-AF5F-744E97A87C6C}.Release|Any CPU.ActiveCfg = Release|Any CPU
		{9964684A-CB9B-4B64-AF5F-744E97A87C6C}.Release|Any CPU.Build.0 = Release|Any CPU
		{5ED0CBE6-B891-49BD-867E-1EE289165E98}.Debug|Any CPU.ActiveCfg = Debug|Any CPU
		{5ED0CBE6-B891-49BD-867E-1EE289165E98}.Debug|Any CPU.Build.0 = Debug|Any CPU
		{5ED0CBE6-B891-49BD-867E-1EE289165E98}.Release|Any CPU.ActiveCfg = Release|Any CPU
		{5ED0CBE6-B891-49BD-867E-1EE289165E98}.Release|Any CPU.Build.0 = Release|Any CPU
		{523B8BC3-0403-4B56-8056-7B9525E3A875}.Debug|Any CPU.ActiveCfg = Debug|Any CPU
		{523B8BC3-0403-4B56-8056-7B9525E3A875}.Debug|Any CPU.Build.0 = Debug|Any CPU
		{523B8BC3-0403-4B56-8056-7B9525E3A875}.Release|Any CPU.ActiveCfg = Release|Any CPU
		{523B8BC3-0403-4B56-8056-7B9525E3A875}.Release|Any CPU.Build.0 = Release|Any CPU
	EndGlobalSection
	GlobalSection(SolutionProperties) = preSolution
		HideSolutionNode = FALSE
	EndGlobalSection
	GlobalSection(NestedProjects) = preSolution
		{BA0D5392-0462-4111-8DF4-9A6F8798CE68} = {C956A208-EC17-4127-B4A8-DE65301B554F}
		{F64194E6-5CB9-4784-A586-EA75A4953D6A} = {BDEF29B3-D5C6-4889-8CEE-B1AB635E3A77}
		{FADD4C62-D502-4866-B199-4D9548469302} = {BDEF29B3-D5C6-4889-8CEE-B1AB635E3A77}
		{1C46256B-8B52-4E2A-B3B0-B273E043F90F} = {BDEF29B3-D5C6-4889-8CEE-B1AB635E3A77}
		{A35472F9-E2B0-406A-A372-20F1B554729C} = {BDEF29B3-D5C6-4889-8CEE-B1AB635E3A77}
		{DBF38E98-D669-4962-85B4-8A327D588F22} = {BDEF29B3-D5C6-4889-8CEE-B1AB635E3A77}
	EndGlobalSection
	GlobalSection(ExtensibilityGlobals) = postSolution
		SolutionGuid = {5AE35ABC-AEF3-4AB4-B32A-64BB74DBBDED}
	EndGlobalSection
EndGlobal
