
Microsoft Visual Studio Solution File, Format Version 12.00
# Visual Studio Version 17
VisualStudioVersion = 17.1.32113.165
MinimumVisualStudioVersion = 10.0.40219.1
Project("{2150E333-8FDC-42A3-9474-1A3956D46DE8}") = "SEC.DB", "SEC.DB", "{C956A208-EC17-4127-B4A8-DE65301B554F}"
EndProject
Project("{9A19103F-16F7-4668-BE54-9A1E7A4F7556}") = "SEC.SSDB", "SEC.DB\SEC.SSDB\SEC.SSDB.csproj", "{BA0D5392-0462-4111-8DF4-9A6F8798CE68}"
EndProject
Project("{9A19103F-16F7-4668-BE54-9A1E7A4F7556}") = "SEC.Util", "SEC.Util\SEC.Util.csproj", "{8E2CB701-DA84-45A5-A853-4588C5A14E6C}"
EndProject
Project("{2150E333-8FDC-42A3-9474-1A3956D46DE8}") = "SEC.Drivers", "SEC.Drivers", "{BDEF29B3-D5C6-4889-8CEE-B1AB635E3A77}"
EndProject
Project("{9A19103F-16F7-4668-BE54-9A1E7A4F7556}") = "SEC.Driver", "SEC.Drivers\SEC.Driver\SEC.Driver.csproj", "{F64194E6-5CB9-4784-A586-EA75A4953D6A}"
EndProject
Project("{9A19103F-16F7-4668-BE54-9A1E7A4F7556}") = "SEC.Driver.Fins", "SEC.Drivers\SEC.Driver.Fins\SEC.Driver.Fins.csproj", "{BC86EAC0-98BA-479D-BBCC-2D954E2B3934}"
EndProject
Project("{9A19103F-16F7-4668-BE54-9A1E7A4F7556}") = "SEC.Driver.MC3E", "SEC.Drivers\SEC.Driver.MC3E\SEC.Driver.MC3E.csproj", "{017E3D4F-0407-4DD8-B5F8-7C9043E90218}"
EndProject
Project("{9A19103F-16F7-4668-BE54-9A1E7A4F7556}") = "SEC.Driver.ModbusRtu", "SEC.Drivers\SEC.Driver.ModbusRtu\SEC.Driver.ModbusRtu.csproj", "{A4193DC0-1DBC-4E8A-ABC9-88046580BA1B}"
EndProject
Project("{9A19103F-16F7-4668-BE54-9A1E7A4F7556}") = "SEC.Driver.OPCUA", "SEC.Drivers\SEC.Driver.OPCUA\SEC.Driver.OPCUA.csproj", "{A792396E-8981-4AD3-BD2D-D76BC2F328D8}"
EndProject
Project("{9A19103F-16F7-4668-BE54-9A1E7A4F7556}") = "SEC.Driver.ModbusTcp", "SEC.Drivers\SEC.Driver.ModbusTcp\SEC.Driver.ModbusTcp.csproj", "{F21F146D-8AC0-49CF-88DF-9F4B4557228C}"
EndProject
Project("{2150E333-8FDC-42A3-9474-1A3956D46DE8}") = "SEC.DockerRun", "SEC.DockerRun", "{325AACE8-2CE4-415E-B669-67506C655A9C}"
EndProject
Project("{9A19103F-16F7-4668-BE54-9A1E7A4F7556}") = "SEC.Models", "SEC.Models\SEC.Models.csproj", "{7C0896B6-5687-4DB2-9725-E1C157300672}"
EndProject
Project("{9A19103F-16F7-4668-BE54-9A1E7A4F7556}") = "SEC.Enum", "SEC.Enum\SEC.Enum.csproj", "{CF5E50F6-F7BC-4036-9CB8-6D8B9502C2EE}"
EndProject
Project("{9A19103F-16F7-4668-BE54-9A1E7A4F7556}") = "SEC.Interface", "SEC.Interface\SEC.Interface.csproj", "{6828E033-D0D8-48D8-BC53-0837133DC7CE}"
EndProject
Project("{2150E333-8FDC-42A3-9474-1A3956D46DE8}") = "SEC.DesktopRun", "SEC.DesktopRun", "{AFA51402-08C4-47DC-B178-0C70D1B85BBC}"
EndProject
Project("{9A19103F-16F7-4668-BE54-9A1E7A4F7556}") = "SEC.RunMain", "SEC.DesktopRun\SEC.RunMain\SEC.RunMain.csproj", "{10153A29-5F8C-4DD8-BBA3-759B08F06728}"
EndProject
Project("{9A19103F-16F7-4668-BE54-9A1E7A4F7556}") = "SEC.Studio", "SEC.DesktopRun\SEC.Studio\SEC.Studio.csproj", "{D1192A22-F1B4-495F-84E2-8664D6B53AF5}"
EndProject
Project("{9A19103F-16F7-4668-BE54-9A1E7A4F7556}") = "SEC.Style", "SEC.DesktopRun\SEC.Style\SEC.Style.csproj", "{B488C29B-120B-4412-AC4C-C4ACE2BD455D}"
EndProject
Project("{9A19103F-16F7-4668-BE54-9A1E7A4F7556}") = "SEC.Test", "SEC.DesktopRun\SEC.Test\SEC.Test.csproj", "{450248E1-A107-4D82-A281-C81C59D2C0B7}"
EndProject
Project("{9A19103F-16F7-4668-BE54-9A1E7A4F7556}") = "SEC.UserControl", "SEC.DesktopRun\SEC.UserControl\SEC.UserControl.csproj", "{A61B5381-0205-4A7F-9960-C9E7321172DF}"
EndProject
Project("{9A19103F-16F7-4668-BE54-9A1E7A4F7556}") = "SEC.Communication", "SEC.Communication\SEC.Communication.csproj", "{2DF766D8-AAB7-4D62-AFBD-C5E1487FF600}"
EndProject
Project("{9A19103F-16F7-4668-BE54-9A1E7A4F7556}") = "SEC.Docker.Driver", "SEC.DockerRun\SEC.Docker.Driver\SEC.Docker.Driver.csproj", "{56E56A6C-A4C1-4094-9F8B-4515709883A3}"
EndProject
Project("{9A19103F-16F7-4668-BE54-9A1E7A4F7556}") = "SEC.Docker.Core", "SEC.DockerRun\SEC.Docker.Core\SEC.Docker.Core.csproj", "{F63CA2BE-3186-4EDC-A2E9-E998B3FE1E07}"
EndProject
Project("{2150E333-8FDC-42A3-9474-1A3956D46DE8}") = "SEC.ProgressRun", "SEC.ProgressRun", "{E3E83E69-4292-494D-AB05-9F3597730ED0}"
EndProject
Project("{9A19103F-16F7-4668-BE54-9A1E7A4F7556}") = "SEC.CoreRun", "SEC.ProgressRun\SEC.CoreRun\SEC.CoreRun.csproj", "{CE11E993-D441-4F34-BD30-5C9703452210}"
EndProject
Project("{9A19103F-16F7-4668-BE54-9A1E7A4F7556}") = "SEC.DriversRun", "SEC.ProgressRun\SEC.DriversRun\SEC.DriversRun.csproj", "{A7A0086C-4440-422B-B0B2-33DB4A60DE75}"
EndProject
Project("{2150E333-8FDC-42A3-9474-1A3956D46DE8}") = "CEE.Operation", "CEE.Operation", "{95344109-B4D1-474E-8DFC-6959F5A5EE1D}"
EndProject
Project("{9A19103F-16F7-4668-BE54-9A1E7A4F7556}") = "CEE.DefaultRecipe", "CEE.Operation\CEE.DefaultRecipe\CEE.DefaultRecipe.csproj", "{B594B744-67EB-4B11-8B2B-B77EAC765AE8}"
EndProject
Project("{9A19103F-16F7-4668-BE54-9A1E7A4F7556}") = "SEC.CommUtil", "SEC.CommUtil\SEC.CommUtil.csproj", "{014030F1-C6C7-4699-AE0D-54E0D03E387F}"
EndProject
Project("{9A19103F-16F7-4668-BE54-9A1E7A4F7556}") = "CEE.Models", "CEE.Models\CEE.Models.csproj", "{20C35A7A-E165-47F3-963C-6B6D3F1440E3}"
EndProject
Project("{9A19103F-16F7-4668-BE54-9A1E7A4F7556}") = "CEE.ChuangFeng", "CEE.Operation\CEE.ChuangFeng\CEE.ChuangFeng.csproj", "{41CE51E8-FAC1-44A9-A1AF-8FC983B9912E}"
EndProject
Project("{FAE04EC0-301F-11D3-BF4B-00C04F79EFBC}") = "SEC.Driver.S7", "SEC.Drivers\SEC.Driver.S7\SEC.Driver.S7.csproj", "{681539A3-2B2A-449D-891F-C85199F50DBB}"
EndProject
Global
	GlobalSection(SolutionConfigurationPlatforms) = preSolution
		Debug|Any CPU = Debug|Any CPU
		Debug|x86 = Debug|x86
		Release|Any CPU = Release|Any CPU
		Release|x86 = Release|x86
	EndGlobalSection
	GlobalSection(ProjectConfigurationPlatforms) = postSolution
		{BA0D5392-0462-4111-8DF4-9A6F8798CE68}.Debug|Any CPU.ActiveCfg = Debug|Any CPU
		{BA0D5392-0462-4111-8DF4-9A6F8798CE68}.Debug|Any CPU.Build.0 = Debug|Any CPU
		{BA0D5392-0462-4111-8DF4-9A6F8798CE68}.Debug|x86.ActiveCfg = Debug|x86
		{BA0D5392-0462-4111-8DF4-9A6F8798CE68}.Debug|x86.Build.0 = Debug|x86
		{BA0D5392-0462-4111-8DF4-9A6F8798CE68}.Release|Any CPU.ActiveCfg = Release|Any CPU
		{BA0D5392-0462-4111-8DF4-9A6F8798CE68}.Release|Any CPU.Build.0 = Release|Any CPU
		{BA0D5392-0462-4111-8DF4-9A6F8798CE68}.Release|x86.ActiveCfg = Release|x86
		{BA0D5392-0462-4111-8DF4-9A6F8798CE68}.Release|x86.Build.0 = Release|x86
		{8E2CB701-DA84-45A5-A853-4588C5A14E6C}.Debug|Any CPU.ActiveCfg = Debug|Any CPU
		{8E2CB701-DA84-45A5-A853-4588C5A14E6C}.Debug|Any CPU.Build.0 = Debug|Any CPU
		{8E2CB701-DA84-45A5-A853-4588C5A14E6C}.Debug|x86.ActiveCfg = Debug|x86
		{8E2CB701-DA84-45A5-A853-4588C5A14E6C}.Debug|x86.Build.0 = Debug|x86
		{8E2CB701-DA84-45A5-A853-4588C5A14E6C}.Release|Any CPU.ActiveCfg = Release|Any CPU
		{8E2CB701-DA84-45A5-A853-4588C5A14E6C}.Release|Any CPU.Build.0 = Release|Any CPU
		{8E2CB701-DA84-45A5-A853-4588C5A14E6C}.Release|x86.ActiveCfg = Release|x86
		{8E2CB701-DA84-45A5-A853-4588C5A14E6C}.Release|x86.Build.0 = Release|x86
		{F64194E6-5CB9-4784-A586-EA75A4953D6A}.Debug|Any CPU.ActiveCfg = Debug|Any CPU
		{F64194E6-5CB9-4784-A586-EA75A4953D6A}.Debug|Any CPU.Build.0 = Debug|Any CPU
		{F64194E6-5CB9-4784-A586-EA75A4953D6A}.Debug|x86.ActiveCfg = Debug|x86
		{F64194E6-5CB9-4784-A586-EA75A4953D6A}.Debug|x86.Build.0 = Debug|x86
		{F64194E6-5CB9-4784-A586-EA75A4953D6A}.Release|Any CPU.ActiveCfg = Release|Any CPU
		{F64194E6-5CB9-4784-A586-EA75A4953D6A}.Release|Any CPU.Build.0 = Release|Any CPU
		{F64194E6-5CB9-4784-A586-EA75A4953D6A}.Release|x86.ActiveCfg = Release|x86
		{F64194E6-5CB9-4784-A586-EA75A4953D6A}.Release|x86.Build.0 = Release|x86
		{BC86EAC0-98BA-479D-BBCC-2D954E2B3934}.Debug|Any CPU.ActiveCfg = Debug|Any CPU
		{BC86EAC0-98BA-479D-BBCC-2D954E2B3934}.Debug|Any CPU.Build.0 = Debug|Any CPU
		{BC86EAC0-98BA-479D-BBCC-2D954E2B3934}.Debug|x86.ActiveCfg = Debug|x86
		{BC86EAC0-98BA-479D-BBCC-2D954E2B3934}.Debug|x86.Build.0 = Debug|x86
		{BC86EAC0-98BA-479D-BBCC-2D954E2B3934}.Release|Any CPU.ActiveCfg = Release|Any CPU
		{BC86EAC0-98BA-479D-BBCC-2D954E2B3934}.Release|Any CPU.Build.0 = Release|Any CPU
		{BC86EAC0-98BA-479D-BBCC-2D954E2B3934}.Release|x86.ActiveCfg = Release|x86
		{BC86EAC0-98BA-479D-BBCC-2D954E2B3934}.Release|x86.Build.0 = Release|x86
		{017E3D4F-0407-4DD8-B5F8-7C9043E90218}.Debug|Any CPU.ActiveCfg = Debug|Any CPU
		{017E3D4F-0407-4DD8-B5F8-7C9043E90218}.Debug|Any CPU.Build.0 = Debug|Any CPU
		{017E3D4F-0407-4DD8-B5F8-7C9043E90218}.Debug|x86.ActiveCfg = Debug|x86
		{017E3D4F-0407-4DD8-B5F8-7C9043E90218}.Debug|x86.Build.0 = Debug|x86
		{017E3D4F-0407-4DD8-B5F8-7C9043E90218}.Release|Any CPU.ActiveCfg = Release|Any CPU
		{017E3D4F-0407-4DD8-B5F8-7C9043E90218}.Release|Any CPU.Build.0 = Release|Any CPU
		{017E3D4F-0407-4DD8-B5F8-7C9043E90218}.Release|x86.ActiveCfg = Release|x86
		{017E3D4F-0407-4DD8-B5F8-7C9043E90218}.Release|x86.Build.0 = Release|x86
		{A4193DC0-1DBC-4E8A-ABC9-88046580BA1B}.Debug|Any CPU.ActiveCfg = Debug|Any CPU
		{A4193DC0-1DBC-4E8A-ABC9-88046580BA1B}.Debug|Any CPU.Build.0 = Debug|Any CPU
		{A4193DC0-1DBC-4E8A-ABC9-88046580BA1B}.Debug|x86.ActiveCfg = Debug|x86
		{A4193DC0-1DBC-4E8A-ABC9-88046580BA1B}.Debug|x86.Build.0 = Debug|x86
		{A4193DC0-1DBC-4E8A-ABC9-88046580BA1B}.Release|Any CPU.ActiveCfg = Release|Any CPU
		{A4193DC0-1DBC-4E8A-ABC9-88046580BA1B}.Release|Any CPU.Build.0 = Release|Any CPU
		{A4193DC0-1DBC-4E8A-ABC9-88046580BA1B}.Release|x86.ActiveCfg = Release|x86
		{A4193DC0-1DBC-4E8A-ABC9-88046580BA1B}.Release|x86.Build.0 = Release|x86
		{A792396E-8981-4AD3-BD2D-D76BC2F328D8}.Debug|Any CPU.ActiveCfg = Debug|Any CPU
		{A792396E-8981-4AD3-BD2D-D76BC2F328D8}.Debug|Any CPU.Build.0 = Debug|Any CPU
		{A792396E-8981-4AD3-BD2D-D76BC2F328D8}.Debug|x86.ActiveCfg = Debug|Any CPU
		{A792396E-8981-4AD3-BD2D-D76BC2F328D8}.Debug|x86.Build.0 = Debug|Any CPU
		{A792396E-8981-4AD3-BD2D-D76BC2F328D8}.Release|Any CPU.ActiveCfg = Release|Any CPU
		{A792396E-8981-4AD3-BD2D-D76BC2F328D8}.Release|Any CPU.Build.0 = Release|Any CPU
		{A792396E-8981-4AD3-BD2D-D76BC2F328D8}.Release|x86.ActiveCfg = Release|Any CPU
		{A792396E-8981-4AD3-BD2D-D76BC2F328D8}.Release|x86.Build.0 = Release|Any CPU
		{F21F146D-8AC0-49CF-88DF-9F4B4557228C}.Debug|Any CPU.ActiveCfg = Debug|Any CPU
		{F21F146D-8AC0-49CF-88DF-9F4B4557228C}.Debug|Any CPU.Build.0 = Debug|Any CPU
		{F21F146D-8AC0-49CF-88DF-9F4B4557228C}.Debug|x86.ActiveCfg = Debug|x86
		{F21F146D-8AC0-49CF-88DF-9F4B4557228C}.Debug|x86.Build.0 = Debug|x86
		{F21F146D-8AC0-49CF-88DF-9F4B4557228C}.Release|Any CPU.ActiveCfg = Release|Any CPU
		{F21F146D-8AC0-49CF-88DF-9F4B4557228C}.Release|Any CPU.Build.0 = Release|Any CPU
		{F21F146D-8AC0-49CF-88DF-9F4B4557228C}.Release|x86.ActiveCfg = Release|x86
		{F21F146D-8AC0-49CF-88DF-9F4B4557228C}.Release|x86.Build.0 = Release|x86
		{7C0896B6-5687-4DB2-9725-E1C157300672}.Debug|Any CPU.ActiveCfg = Debug|Any CPU
		{7C0896B6-5687-4DB2-9725-E1C157300672}.Debug|Any CPU.Build.0 = Debug|Any CPU
		{7C0896B6-5687-4DB2-9725-E1C157300672}.Debug|x86.ActiveCfg = Debug|Any CPU
		{7C0896B6-5687-4DB2-9725-E1C157300672}.Debug|x86.Build.0 = Debug|Any CPU
		{7C0896B6-5687-4DB2-9725-E1C157300672}.Release|Any CPU.ActiveCfg = Release|Any CPU
		{7C0896B6-5687-4DB2-9725-E1C157300672}.Release|Any CPU.Build.0 = Release|Any CPU
		{7C0896B6-5687-4DB2-9725-E1C157300672}.Release|x86.ActiveCfg = Release|Any CPU
		{7C0896B6-5687-4DB2-9725-E1C157300672}.Release|x86.Build.0 = Release|Any CPU
		{CF5E50F6-F7BC-4036-9CB8-6D8B9502C2EE}.Debug|Any CPU.ActiveCfg = Debug|Any CPU
		{CF5E50F6-F7BC-4036-9CB8-6D8B9502C2EE}.Debug|Any CPU.Build.0 = Debug|Any CPU
		{CF5E50F6-F7BC-4036-9CB8-6D8B9502C2EE}.Debug|x86.ActiveCfg = Debug|Any CPU
		{CF5E50F6-F7BC-4036-9CB8-6D8B9502C2EE}.Debug|x86.Build.0 = Debug|Any CPU
		{CF5E50F6-F7BC-4036-9CB8-6D8B9502C2EE}.Release|Any CPU.ActiveCfg = Release|Any CPU
		{CF5E50F6-F7BC-4036-9CB8-6D8B9502C2EE}.Release|Any CPU.Build.0 = Release|Any CPU
		{CF5E50F6-F7BC-4036-9CB8-6D8B9502C2EE}.Release|x86.ActiveCfg = Release|Any CPU
		{CF5E50F6-F7BC-4036-9CB8-6D8B9502C2EE}.Release|x86.Build.0 = Release|Any CPU
		{6828E033-D0D8-48D8-BC53-0837133DC7CE}.Debug|Any CPU.ActiveCfg = Debug|Any CPU
		{6828E033-D0D8-48D8-BC53-0837133DC7CE}.Debug|Any CPU.Build.0 = Debug|Any CPU
		{6828E033-D0D8-48D8-BC53-0837133DC7CE}.Debug|x86.ActiveCfg = Debug|Any CPU
		{6828E033-D0D8-48D8-BC53-0837133DC7CE}.Debug|x86.Build.0 = Debug|Any CPU
		{6828E033-D0D8-48D8-BC53-0837133DC7CE}.Release|Any CPU.ActiveCfg = Release|Any CPU
		{6828E033-D0D8-48D8-BC53-0837133DC7CE}.Release|Any CPU.Build.0 = Release|Any CPU
		{6828E033-D0D8-48D8-BC53-0837133DC7CE}.Release|x86.ActiveCfg = Release|Any CPU
		{6828E033-D0D8-48D8-BC53-0837133DC7CE}.Release|x86.Build.0 = Release|Any CPU
		{10153A29-5F8C-4DD8-BBA3-759B08F06728}.Debug|Any CPU.ActiveCfg = Debug|Any CPU
		{10153A29-5F8C-4DD8-BBA3-759B08F06728}.Debug|Any CPU.Build.0 = Debug|Any CPU
		{10153A29-5F8C-4DD8-BBA3-759B08F06728}.Debug|x86.ActiveCfg = Debug|x86
		{10153A29-5F8C-4DD8-BBA3-759B08F06728}.Debug|x86.Build.0 = Debug|x86
		{10153A29-5F8C-4DD8-BBA3-759B08F06728}.Release|Any CPU.ActiveCfg = Release|Any CPU
		{10153A29-5F8C-4DD8-BBA3-759B08F06728}.Release|Any CPU.Build.0 = Release|Any CPU
		{10153A29-5F8C-4DD8-BBA3-759B08F06728}.Release|x86.ActiveCfg = Release|x86
		{10153A29-5F8C-4DD8-BBA3-759B08F06728}.Release|x86.Build.0 = Release|x86
		{D1192A22-F1B4-495F-84E2-8664D6B53AF5}.Debug|Any CPU.ActiveCfg = Debug|Any CPU
		{D1192A22-F1B4-495F-84E2-8664D6B53AF5}.Debug|Any CPU.Build.0 = Debug|Any CPU
		{D1192A22-F1B4-495F-84E2-8664D6B53AF5}.Debug|x86.ActiveCfg = Debug|x86
		{D1192A22-F1B4-495F-84E2-8664D6B53AF5}.Debug|x86.Build.0 = Debug|x86
		{D1192A22-F1B4-495F-84E2-8664D6B53AF5}.Release|Any CPU.ActiveCfg = Release|Any CPU
		{D1192A22-F1B4-495F-84E2-8664D6B53AF5}.Release|Any CPU.Build.0 = Release|Any CPU
		{D1192A22-F1B4-495F-84E2-8664D6B53AF5}.Release|x86.ActiveCfg = Release|x86
		{D1192A22-F1B4-495F-84E2-8664D6B53AF5}.Release|x86.Build.0 = Release|x86
		{B488C29B-120B-4412-AC4C-C4ACE2BD455D}.Debug|Any CPU.ActiveCfg = Debug|Any CPU
		{B488C29B-120B-4412-AC4C-C4ACE2BD455D}.Debug|Any CPU.Build.0 = Debug|Any CPU
		{B488C29B-120B-4412-AC4C-C4ACE2BD455D}.Debug|x86.ActiveCfg = Debug|x86
		{B488C29B-120B-4412-AC4C-C4ACE2BD455D}.Debug|x86.Build.0 = Debug|x86
		{B488C29B-120B-4412-AC4C-C4ACE2BD455D}.Release|Any CPU.ActiveCfg = Release|Any CPU
		{B488C29B-120B-4412-AC4C-C4ACE2BD455D}.Release|Any CPU.Build.0 = Release|Any CPU
		{B488C29B-120B-4412-AC4C-C4ACE2BD455D}.Release|x86.ActiveCfg = Release|x86
		{B488C29B-120B-4412-AC4C-C4ACE2BD455D}.Release|x86.Build.0 = Release|x86
		{450248E1-A107-4D82-A281-C81C59D2C0B7}.Debug|Any CPU.ActiveCfg = Debug|Any CPU
		{450248E1-A107-4D82-A281-C81C59D2C0B7}.Debug|Any CPU.Build.0 = Debug|Any CPU
		{450248E1-A107-4D82-A281-C81C59D2C0B7}.Debug|x86.ActiveCfg = Debug|x86
		{450248E1-A107-4D82-A281-C81C59D2C0B7}.Debug|x86.Build.0 = Debug|x86
		{450248E1-A107-4D82-A281-C81C59D2C0B7}.Release|Any CPU.ActiveCfg = Release|Any CPU
		{450248E1-A107-4D82-A281-C81C59D2C0B7}.Release|Any CPU.Build.0 = Release|Any CPU
		{450248E1-A107-4D82-A281-C81C59D2C0B7}.Release|x86.ActiveCfg = Release|x86
		{450248E1-A107-4D82-A281-C81C59D2C0B7}.Release|x86.Build.0 = Release|x86
		{A61B5381-0205-4A7F-9960-C9E7321172DF}.Debug|Any CPU.ActiveCfg = Debug|Any CPU
		{A61B5381-0205-4A7F-9960-C9E7321172DF}.Debug|Any CPU.Build.0 = Debug|Any CPU
		{A61B5381-0205-4A7F-9960-C9E7321172DF}.Debug|x86.ActiveCfg = Debug|Any CPU
		{A61B5381-0205-4A7F-9960-C9E7321172DF}.Debug|x86.Build.0 = Debug|Any CPU
		{A61B5381-0205-4A7F-9960-C9E7321172DF}.Release|Any CPU.ActiveCfg = Release|Any CPU
		{A61B5381-0205-4A7F-9960-C9E7321172DF}.Release|Any CPU.Build.0 = Release|Any CPU
		{A61B5381-0205-4A7F-9960-C9E7321172DF}.Release|x86.ActiveCfg = Release|Any CPU
		{A61B5381-0205-4A7F-9960-C9E7321172DF}.Release|x86.Build.0 = Release|Any CPU
		{2DF766D8-AAB7-4D62-AFBD-C5E1487FF600}.Debug|Any CPU.ActiveCfg = Debug|Any CPU
		{2DF766D8-AAB7-4D62-AFBD-C5E1487FF600}.Debug|Any CPU.Build.0 = Debug|Any CPU
		{2DF766D8-AAB7-4D62-AFBD-C5E1487FF600}.Debug|x86.ActiveCfg = Debug|Any CPU
		{2DF766D8-AAB7-4D62-AFBD-C5E1487FF600}.Debug|x86.Build.0 = Debug|Any CPU
		{2DF766D8-AAB7-4D62-AFBD-C5E1487FF600}.Release|Any CPU.ActiveCfg = Release|Any CPU
		{2DF766D8-AAB7-4D62-AFBD-C5E1487FF600}.Release|Any CPU.Build.0 = Release|Any CPU
		{2DF766D8-AAB7-4D62-AFBD-C5E1487FF600}.Release|x86.ActiveCfg = Release|Any CPU
		{2DF766D8-AAB7-4D62-AFBD-C5E1487FF600}.Release|x86.Build.0 = Release|Any CPU
		{56E56A6C-A4C1-4094-9F8B-4515709883A3}.Debug|Any CPU.ActiveCfg = Debug|Any CPU
		{56E56A6C-A4C1-4094-9F8B-4515709883A3}.Debug|Any CPU.Build.0 = Debug|Any CPU
		{56E56A6C-A4C1-4094-9F8B-4515709883A3}.Debug|x86.ActiveCfg = Debug|Any CPU
		{56E56A6C-A4C1-4094-9F8B-4515709883A3}.Debug|x86.Build.0 = Debug|Any CPU
		{56E56A6C-A4C1-4094-9F8B-4515709883A3}.Release|Any CPU.ActiveCfg = Release|Any CPU
		{56E56A6C-A4C1-4094-9F8B-4515709883A3}.Release|Any CPU.Build.0 = Release|Any CPU
		{56E56A6C-A4C1-4094-9F8B-4515709883A3}.Release|x86.ActiveCfg = Release|Any CPU
		{56E56A6C-A4C1-4094-9F8B-4515709883A3}.Release|x86.Build.0 = Release|Any CPU
		{F63CA2BE-3186-4EDC-A2E9-E998B3FE1E07}.Debug|Any CPU.ActiveCfg = Debug|Any CPU
		{F63CA2BE-3186-4EDC-A2E9-E998B3FE1E07}.Debug|Any CPU.Build.0 = Debug|Any CPU
		{F63CA2BE-3186-4EDC-A2E9-E998B3FE1E07}.Debug|x86.ActiveCfg = Debug|Any CPU
		{F63CA2BE-3186-4EDC-A2E9-E998B3FE1E07}.Debug|x86.Build.0 = Debug|Any CPU
		{F63CA2BE-3186-4EDC-A2E9-E998B3FE1E07}.Release|Any CPU.ActiveCfg = Release|Any CPU
		{F63CA2BE-3186-4EDC-A2E9-E998B3FE1E07}.Release|Any CPU.Build.0 = Release|Any CPU
		{F63CA2BE-3186-4EDC-A2E9-E998B3FE1E07}.Release|x86.ActiveCfg = Release|Any CPU
		{F63CA2BE-3186-4EDC-A2E9-E998B3FE1E07}.Release|x86.Build.0 = Release|Any CPU
		{CE11E993-D441-4F34-BD30-5C9703452210}.Debug|Any CPU.ActiveCfg = Debug|Any CPU
		{CE11E993-D441-4F34-BD30-5C9703452210}.Debug|Any CPU.Build.0 = Debug|Any CPU
		{CE11E993-D441-4F34-BD30-5C9703452210}.Debug|x86.ActiveCfg = Debug|Any CPU
		{CE11E993-D441-4F34-BD30-5C9703452210}.Debug|x86.Build.0 = Debug|Any CPU
		{CE11E993-D441-4F34-BD30-5C9703452210}.Release|Any CPU.ActiveCfg = Release|Any CPU
		{CE11E993-D441-4F34-BD30-5C9703452210}.Release|Any CPU.Build.0 = Release|Any CPU
		{CE11E993-D441-4F34-BD30-5C9703452210}.Release|x86.ActiveCfg = Release|Any CPU
		{CE11E993-D441-4F34-BD30-5C9703452210}.Release|x86.Build.0 = Release|Any CPU
		{A7A0086C-4440-422B-B0B2-33DB4A60DE75}.Debug|Any CPU.ActiveCfg = Debug|Any CPU
		{A7A0086C-4440-422B-B0B2-33DB4A60DE75}.Debug|Any CPU.Build.0 = Debug|Any CPU
		{A7A0086C-4440-422B-B0B2-33DB4A60DE75}.Debug|x86.ActiveCfg = Debug|Any CPU
		{A7A0086C-4440-422B-B0B2-33DB4A60DE75}.Debug|x86.Build.0 = Debug|Any CPU
		{A7A0086C-4440-422B-B0B2-33DB4A60DE75}.Release|Any CPU.ActiveCfg = Release|Any CPU
		{A7A0086C-4440-422B-B0B2-33DB4A60DE75}.Release|Any CPU.Build.0 = Release|Any CPU
		{A7A0086C-4440-422B-B0B2-33DB4A60DE75}.Release|x86.ActiveCfg = Release|Any CPU
		{A7A0086C-4440-422B-B0B2-33DB4A60DE75}.Release|x86.Build.0 = Release|Any CPU
		{B594B744-67EB-4B11-8B2B-B77EAC765AE8}.Debug|Any CPU.ActiveCfg = Debug|Any CPU
		{B594B744-67EB-4B11-8B2B-B77EAC765AE8}.Debug|Any CPU.Build.0 = Debug|Any CPU
		{B594B744-67EB-4B11-8B2B-B77EAC765AE8}.Debug|x86.ActiveCfg = Debug|Any CPU
		{B594B744-67EB-4B11-8B2B-B77EAC765AE8}.Debug|x86.Build.0 = Debug|Any CPU
		{B594B744-67EB-4B11-8B2B-B77EAC765AE8}.Release|Any CPU.ActiveCfg = Release|Any CPU
		{B594B744-67EB-4B11-8B2B-B77EAC765AE8}.Release|Any CPU.Build.0 = Release|Any CPU
		{B594B744-67EB-4B11-8B2B-B77EAC765AE8}.Release|x86.ActiveCfg = Release|Any CPU
		{B594B744-67EB-4B11-8B2B-B77EAC765AE8}.Release|x86.Build.0 = Release|Any CPU
		{014030F1-C6C7-4699-AE0D-54E0D03E387F}.Debug|Any CPU.ActiveCfg = Debug|Any CPU
		{014030F1-C6C7-4699-AE0D-54E0D03E387F}.Debug|Any CPU.Build.0 = Debug|Any CPU
		{014030F1-C6C7-4699-AE0D-54E0D03E387F}.Debug|x86.ActiveCfg = Debug|Any CPU
		{014030F1-C6C7-4699-AE0D-54E0D03E387F}.Debug|x86.Build.0 = Debug|Any CPU
		{014030F1-C6C7-4699-AE0D-54E0D03E387F}.Release|Any CPU.ActiveCfg = Release|Any CPU
		{014030F1-C6C7-4699-AE0D-54E0D03E387F}.Release|Any CPU.Build.0 = Release|Any CPU
		{014030F1-C6C7-4699-AE0D-54E0D03E387F}.Release|x86.ActiveCfg = Release|Any CPU
		{014030F1-C6C7-4699-AE0D-54E0D03E387F}.Release|x86.Build.0 = Release|Any CPU
		{20C35A7A-E165-47F3-963C-6B6D3F1440E3}.Debug|Any CPU.ActiveCfg = Debug|Any CPU
		{20C35A7A-E165-47F3-963C-6B6D3F1440E3}.Debug|Any CPU.Build.0 = Debug|Any CPU
		{20C35A7A-E165-47F3-963C-6B6D3F1440E3}.Debug|x86.ActiveCfg = Debug|Any CPU
		{20C35A7A-E165-47F3-963C-6B6D3F1440E3}.Debug|x86.Build.0 = Debug|Any CPU
		{20C35A7A-E165-47F3-963C-6B6D3F1440E3}.Release|Any CPU.ActiveCfg = Release|Any CPU
		{20C35A7A-E165-47F3-963C-6B6D3F1440E3}.Release|Any CPU.Build.0 = Release|Any CPU
		{20C35A7A-E165-47F3-963C-6B6D3F1440E3}.Release|x86.ActiveCfg = Release|Any CPU
		{20C35A7A-E165-47F3-963C-6B6D3F1440E3}.Release|x86.Build.0 = Release|Any CPU
		{41CE51E8-FAC1-44A9-A1AF-8FC983B9912E}.Debug|Any CPU.ActiveCfg = Debug|Any CPU
		{41CE51E8-FAC1-44A9-A1AF-8FC983B9912E}.Debug|Any CPU.Build.0 = Debug|Any CPU
		{41CE51E8-FAC1-44A9-A1AF-8FC983B9912E}.Debug|x86.ActiveCfg = Debug|Any CPU
		{41CE51E8-FAC1-44A9-A1AF-8FC983B9912E}.Debug|x86.Build.0 = Debug|Any CPU
		{41CE51E8-FAC1-44A9-A1AF-8FC983B9912E}.Release|Any CPU.ActiveCfg = Release|Any CPU
		{41CE51E8-FAC1-44A9-A1AF-8FC983B9912E}.Release|Any CPU.Build.0 = Release|Any CPU
		{41CE51E8-FAC1-44A9-A1AF-8FC983B9912E}.Release|x86.ActiveCfg = Release|Any CPU
		{41CE51E8-FAC1-44A9-A1AF-8FC983B9912E}.Release|x86.Build.0 = Release|Any CPU
		{681539A3-2B2A-449D-891F-C85199F50DBB}.Debug|Any CPU.ActiveCfg = Debug|Any CPU
		{681539A3-2B2A-449D-891F-C85199F50DBB}.Debug|Any CPU.Build.0 = Debug|Any CPU
		{681539A3-2B2A-449D-891F-C85199F50DBB}.Debug|x86.ActiveCfg = Debug|Any CPU
		{681539A3-2B2A-449D-891F-C85199F50DBB}.Debug|x86.Build.0 = Debug|Any CPU
		{681539A3-2B2A-449D-891F-C85199F50DBB}.Release|Any CPU.ActiveCfg = Release|Any CPU
		{681539A3-2B2A-449D-891F-C85199F50DBB}.Release|Any CPU.Build.0 = Release|Any CPU
		{681539A3-2B2A-449D-891F-C85199F50DBB}.Release|x86.ActiveCfg = Release|Any CPU
		{681539A3-2B2A-449D-891F-C85199F50DBB}.Release|x86.Build.0 = Release|Any CPU
	EndGlobalSection
	GlobalSection(SolutionProperties) = preSolution
		HideSolutionNode = FALSE
	EndGlobalSection
	GlobalSection(NestedProjects) = preSolution
		{BA0D5392-0462-4111-8DF4-9A6F8798CE68} = {C956A208-EC17-4127-B4A8-DE65301B554F}
		{F64194E6-5CB9-4784-A586-EA75A4953D6A} = {BDEF29B3-D5C6-4889-8CEE-B1AB635E3A77}
		{BC86EAC0-98BA-479D-BBCC-2D954E2B3934} = {BDEF29B3-D5C6-4889-8CEE-B1AB635E3A77}
		{017E3D4F-0407-4DD8-B5F8-7C9043E90218} = {BDEF29B3-D5C6-4889-8CEE-B1AB635E3A77}
		{A4193DC0-1DBC-4E8A-ABC9-88046580BA1B} = {BDEF29B3-D5C6-4889-8CEE-B1AB635E3A77}
		{A792396E-8981-4AD3-BD2D-D76BC2F328D8} = {BDEF29B3-D5C6-4889-8CEE-B1AB635E3A77}
		{F21F146D-8AC0-49CF-88DF-9F4B4557228C} = {BDEF29B3-D5C6-4889-8CEE-B1AB635E3A77}
		{10153A29-5F8C-4DD8-BBA3-759B08F06728} = {AFA51402-08C4-47DC-B178-0C70D1B85BBC}
		{D1192A22-F1B4-495F-84E2-8664D6B53AF5} = {AFA51402-08C4-47DC-B178-0C70D1B85BBC}
		{B488C29B-120B-4412-AC4C-C4ACE2BD455D} = {AFA51402-08C4-47DC-B178-0C70D1B85BBC}
		{450248E1-A107-4D82-A281-C81C59D2C0B7} = {AFA51402-08C4-47DC-B178-0C70D1B85BBC}
		{A61B5381-0205-4A7F-9960-C9E7321172DF} = {AFA51402-08C4-47DC-B178-0C70D1B85BBC}
		{56E56A6C-A4C1-4094-9F8B-4515709883A3} = {325AACE8-2CE4-415E-B669-67506C655A9C}
		{F63CA2BE-3186-4EDC-A2E9-E998B3FE1E07} = {325AACE8-2CE4-415E-B669-67506C655A9C}
		{CE11E993-D441-4F34-BD30-5C9703452210} = {E3E83E69-4292-494D-AB05-9F3597730ED0}
		{A7A0086C-4440-422B-B0B2-33DB4A60DE75} = {E3E83E69-4292-494D-AB05-9F3597730ED0}
		{B594B744-67EB-4B11-8B2B-B77EAC765AE8} = {95344109-B4D1-474E-8DFC-6959F5A5EE1D}
		{20C35A7A-E165-47F3-963C-6B6D3F1440E3} = {95344109-B4D1-474E-8DFC-6959F5A5EE1D}
		{41CE51E8-FAC1-44A9-A1AF-8FC983B9912E} = {95344109-B4D1-474E-8DFC-6959F5A5EE1D}
		{681539A3-2B2A-449D-891F-C85199F50DBB} = {BDEF29B3-D5C6-4889-8CEE-B1AB635E3A77}
	EndGlobalSection
	GlobalSection(ExtensibilityGlobals) = postSolution
		SolutionGuid = {5AE35ABC-AEF3-4AB4-B32A-64BB74DBBDED}
	EndGlobalSection
EndGlobal
