
Microsoft Visual Studio Solution File, Format Version 12.00
# Visual Studio Version 17
VisualStudioVersion = 17.1.32113.165
MinimumVisualStudioVersion = 10.0.40219.1
Project("{2150E333-8FDC-42A3-9474-1A3956D46DE8}") = "Container", "Container", "{14B82847-A2F6-48CA-8941-861F80BAA4DD}"
EndProject
Project("{9A19103F-16F7-4668-BE54-9A1E7A4F7556}") = "SEC.Container", "Container\SEC.ContainerManage\SEC.Container.csproj", "{2FEFC970-0206-450D-BF9D-5C86BFB7FF1C}"
EndProject
Project("{9A19103F-16F7-4668-BE54-9A1E7A4F7556}") = "SEC.Test", "SEC.Test\SEC.Test.csproj", "{9CFE2BEF-97E6-44CF-8401-9D12B1DF6956}"
EndProject
Project("{2150E333-8FDC-42A3-9474-1A3956D46DE8}") = "DBHelpers", "DBHelpers", "{C956A208-EC17-4127-B4A8-DE65301B554F}"
EndProject
Project("{9A19103F-16F7-4668-BE54-9A1E7A4F7556}") = "SEC.SSDB", "DBHelpers\SEC.SSDB\SEC.SSDB.csproj", "{BA0D5392-0462-4111-8DF4-9A6F8798CE68}"
EndProject
Project("{2150E333-8FDC-42A3-9474-1A3956D46DE8}") = "Config", "Config", "{F42B54F1-EC33-4657-919F-01EEBB0CA275}"
EndProject
Project("{9A19103F-16F7-4668-BE54-9A1E7A4F7556}") = "SEC.Config", "Config\SEC.Config\SEC.Config.csproj", "{D2040A8D-3732-4260-9A46-76D106E5F172}"
EndProject
Project("{9A19103F-16F7-4668-BE54-9A1E7A4F7556}") = "SEC.RunMain", "SEC.RunMain\SEC.RunMain.csproj", "{7A62D2C2-3F4F-48E6-8BB5-A091D315F680}"
EndProject
Project("{9A19103F-16F7-4668-BE54-9A1E7A4F7556}") = "SEC.Util", "SEC.Util\SEC.Util.csproj", "{8E2CB701-DA84-45A5-A853-4588C5A14E6C}"
EndProject
Project("{2150E333-8FDC-42A3-9474-1A3956D46DE8}") = "Drivers", "Drivers", "{BDEF29B3-D5C6-4889-8CEE-B1AB635E3A77}"
EndProject
Project("{9A19103F-16F7-4668-BE54-9A1E7A4F7556}") = "SEC.Driver", "Drivers\SEC.Driver\SEC.Driver.csproj", "{9FF366B2-10C0-4695-874D-3DAE8F7847F0}"
EndProject
Project("{9A19103F-16F7-4668-BE54-9A1E7A4F7556}") = "SEC.FinsDriver", "Drivers\SEC.FinsDriver\SEC.FinsDriver.csproj", "{E2E67812-9727-4891-81DC-488ED952EE68}"
EndProject
Project("{9A19103F-16F7-4668-BE54-9A1E7A4F7556}") = "SEC.ModbusRtuDriver", "Drivers\SEC.ModbusRtuDriver\SEC.ModbusRtuDriver.csproj", "{CB311B44-A9B9-4EEB-B91C-90DD0E15BBE7}"
EndProject
Project("{9A19103F-16F7-4668-BE54-9A1E7A4F7556}") = "SEC.MC3EDriver", "Drivers\SEC.MC3EDriver\SEC.MC3EDriver.csproj", "{91126EC0-F440-45DE-9DCD-D10E93CA001F}"
EndProject
Project("{FAE04EC0-301F-11D3-BF4B-00C04F79EFBC}") = "SEC.ModebusTcpDriver", "Drivers\SEC.ModebusTcpDriver\SEC.ModebusTcpDriver.csproj", "{85B6CEDE-403E-4C59-B18E-968943181549}"
EndProject
Global
	GlobalSection(SolutionConfigurationPlatforms) = preSolution
		Debug|Any CPU = Debug|Any CPU
		Release|Any CPU = Release|Any CPU
	EndGlobalSection
	GlobalSection(ProjectConfigurationPlatforms) = postSolution
		{2FEFC970-0206-450D-BF9D-5C86BFB7FF1C}.Debug|Any CPU.ActiveCfg = Debug|Any CPU
		{2FEFC970-0206-450D-BF9D-5C86BFB7FF1C}.Debug|Any CPU.Build.0 = Debug|Any CPU
		{2FEFC970-0206-450D-BF9D-5C86BFB7FF1C}.Release|Any CPU.ActiveCfg = Release|Any CPU
		{2FEFC970-0206-450D-BF9D-5C86BFB7FF1C}.Release|Any CPU.Build.0 = Release|Any CPU
		{9CFE2BEF-97E6-44CF-8401-9D12B1DF6956}.Debug|Any CPU.ActiveCfg = Debug|Any CPU
		{9CFE2BEF-97E6-44CF-8401-9D12B1DF6956}.Debug|Any CPU.Build.0 = Debug|Any CPU
		{9CFE2BEF-97E6-44CF-8401-9D12B1DF6956}.Release|Any CPU.ActiveCfg = Release|Any CPU
		{9CFE2BEF-97E6-44CF-8401-9D12B1DF6956}.Release|Any CPU.Build.0 = Release|Any CPU
		{BA0D5392-0462-4111-8DF4-9A6F8798CE68}.Debug|Any CPU.ActiveCfg = Debug|Any CPU
		{BA0D5392-0462-4111-8DF4-9A6F8798CE68}.Debug|Any CPU.Build.0 = Debug|Any CPU
		{BA0D5392-0462-4111-8DF4-9A6F8798CE68}.Release|Any CPU.ActiveCfg = Release|Any CPU
		{BA0D5392-0462-4111-8DF4-9A6F8798CE68}.Release|Any CPU.Build.0 = Release|Any CPU
		{D2040A8D-3732-4260-9A46-76D106E5F172}.Debug|Any CPU.ActiveCfg = Debug|Any CPU
		{D2040A8D-3732-4260-9A46-76D106E5F172}.Debug|Any CPU.Build.0 = Debug|Any CPU
		{D2040A8D-3732-4260-9A46-76D106E5F172}.Release|Any CPU.ActiveCfg = Release|Any CPU
		{D2040A8D-3732-4260-9A46-76D106E5F172}.Release|Any CPU.Build.0 = Release|Any CPU
		{7A62D2C2-3F4F-48E6-8BB5-A091D315F680}.Debug|Any CPU.ActiveCfg = Debug|Any CPU
		{7A62D2C2-3F4F-48E6-8BB5-A091D315F680}.Debug|Any CPU.Build.0 = Debug|Any CPU
		{7A62D2C2-3F4F-48E6-8BB5-A091D315F680}.Release|Any CPU.ActiveCfg = Release|Any CPU
		{7A62D2C2-3F4F-48E6-8BB5-A091D315F680}.Release|Any CPU.Build.0 = Release|Any CPU
		{8E2CB701-DA84-45A5-A853-4588C5A14E6C}.Debug|Any CPU.ActiveCfg = Debug|Any CPU
		{8E2CB701-DA84-45A5-A853-4588C5A14E6C}.Debug|Any CPU.Build.0 = Debug|Any CPU
		{8E2CB701-DA84-45A5-A853-4588C5A14E6C}.Release|Any CPU.ActiveCfg = Release|Any CPU
		{8E2CB701-DA84-45A5-A853-4588C5A14E6C}.Release|Any CPU.Build.0 = Release|Any CPU
		{9FF366B2-10C0-4695-874D-3DAE8F7847F0}.Debug|Any CPU.ActiveCfg = Debug|Any CPU
		{9FF366B2-10C0-4695-874D-3DAE8F7847F0}.Debug|Any CPU.Build.0 = Debug|Any CPU
		{9FF366B2-10C0-4695-874D-3DAE8F7847F0}.Release|Any CPU.ActiveCfg = Release|Any CPU
		{9FF366B2-10C0-4695-874D-3DAE8F7847F0}.Release|Any CPU.Build.0 = Release|Any CPU
		{E2E67812-9727-4891-81DC-488ED952EE68}.Debug|Any CPU.ActiveCfg = Debug|Any CPU
		{E2E67812-9727-4891-81DC-488ED952EE68}.Debug|Any CPU.Build.0 = Debug|Any CPU
		{E2E67812-9727-4891-81DC-488ED952EE68}.Release|Any CPU.ActiveCfg = Release|Any CPU
		{E2E67812-9727-4891-81DC-488ED952EE68}.Release|Any CPU.Build.0 = Release|Any CPU
		{CB311B44-A9B9-4EEB-B91C-90DD0E15BBE7}.Debug|Any CPU.ActiveCfg = Debug|Any CPU
		{CB311B44-A9B9-4EEB-B91C-90DD0E15BBE7}.Debug|Any CPU.Build.0 = Debug|Any CPU
		{CB311B44-A9B9-4EEB-B91C-90DD0E15BBE7}.Release|Any CPU.ActiveCfg = Release|Any CPU
		{CB311B44-A9B9-4EEB-B91C-90DD0E15BBE7}.Release|Any CPU.Build.0 = Release|Any CPU
		{91126EC0-F440-45DE-9DCD-D10E93CA001F}.Debug|Any CPU.ActiveCfg = Debug|Any CPU
		{91126EC0-F440-45DE-9DCD-D10E93CA001F}.Debug|Any CPU.Build.0 = Debug|Any CPU
		{91126EC0-F440-45DE-9DCD-D10E93CA001F}.Release|Any CPU.ActiveCfg = Release|Any CPU
		{91126EC0-F440-45DE-9DCD-D10E93CA001F}.Release|Any CPU.Build.0 = Release|Any CPU
		{85B6CEDE-403E-4C59-B18E-968943181549}.Debug|Any CPU.ActiveCfg = Debug|Any CPU
		{85B6CEDE-403E-4C59-B18E-968943181549}.Debug|Any CPU.Build.0 = Debug|Any CPU
		{85B6CEDE-403E-4C59-B18E-968943181549}.Release|Any CPU.ActiveCfg = Release|Any CPU
		{85B6CEDE-403E-4C59-B18E-968943181549}.Release|Any CPU.Build.0 = Release|Any CPU
	EndGlobalSection
	GlobalSection(SolutionProperties) = preSolution
		HideSolutionNode = FALSE
	EndGlobalSection
	GlobalSection(NestedProjects) = preSolution
		{2FEFC970-0206-450D-BF9D-5C86BFB7FF1C} = {14B82847-A2F6-48CA-8941-861F80BAA4DD}
		{BA0D5392-0462-4111-8DF4-9A6F8798CE68} = {C956A208-EC17-4127-B4A8-DE65301B554F}
		{D2040A8D-3732-4260-9A46-76D106E5F172} = {F42B54F1-EC33-4657-919F-01EEBB0CA275}
		{9FF366B2-10C0-4695-874D-3DAE8F7847F0} = {BDEF29B3-D5C6-4889-8CEE-B1AB635E3A77}
		{E2E67812-9727-4891-81DC-488ED952EE68} = {BDEF29B3-D5C6-4889-8CEE-B1AB635E3A77}
		{CB311B44-A9B9-4EEB-B91C-90DD0E15BBE7} = {BDEF29B3-D5C6-4889-8CEE-B1AB635E3A77}
		{91126EC0-F440-45DE-9DCD-D10E93CA001F} = {BDEF29B3-D5C6-4889-8CEE-B1AB635E3A77}
		{85B6CEDE-403E-4C59-B18E-968943181549} = {BDEF29B3-D5C6-4889-8CEE-B1AB635E3A77}
	EndGlobalSection
	GlobalSection(ExtensibilityGlobals) = postSolution
		SolutionGuid = {5AE35ABC-AEF3-4AB4-B32A-64BB74DBBDED}
	EndGlobalSection
EndGlobal
